// !$*UTF8*$!
{
	archiveVersion = 1;
	classes = {
	};
	objectVersion = 46;
	objects = {

/* Begin PBXBuildFile section */
		D01FC7051916989300015560 /* Foundation.framework in Frameworks */ = {isa = PBXBuildFile; fileRef = D01FC7041916989300015560 /* Foundation.framework */; };
		D01FC7071916989300015560 /* CoreGraphics.framework in Frameworks */ = {isa = PBXBuildFile; fileRef = D01FC7061916989300015560 /* CoreGraphics.framework */; };
		D01FC7091916989300015560 /* UIKit.framework in Frameworks */ = {isa = PBXBuildFile; fileRef = D01FC7081916989300015560 /* UIKit.framework */; };
		D01FC70F1916989300015560 /* InfoPlist.strings in Resources */ = {isa = PBXBuildFile; fileRef = D01FC70D1916989300015560 /* InfoPlist.strings */; };
		D01FC7111916989300015560 /* main.m in Sources */ = {isa = PBXBuildFile; fileRef = D01FC7101916989300015560 /* main.m */; };
		D01FC7151916989300015560 /* ROAppDelegate.m in Sources */ = {isa = PBXBuildFile; fileRef = D01FC7141916989300015560 /* ROAppDelegate.m */; };
		D01FC7181916989300015560 /* Main_iPhone.storyboard in Resources */ = {isa = PBXBuildFile; fileRef = D01FC7161916989300015560 /* Main_iPhone.storyboard */; };
		D01FC71B1916989300015560 /* Main_iPad.storyboard in Resources */ = {isa = PBXBuildFile; fileRef = D01FC7191916989300015560 /* Main_iPad.storyboard */; };
		D01FC71E1916989300015560 /* ROViewController.m in Sources */ = {isa = PBXBuildFile; fileRef = D01FC71D1916989300015560 /* ROViewController.m */; };
		D01FC7201916989300015560 /* Images.xcassets in Resources */ = {isa = PBXBuildFile; fileRef = D01FC71F1916989300015560 /* Images.xcassets */; };
		D01FC7271916989300015560 /* XCTest.framework in Frameworks */ = {isa = PBXBuildFile; fileRef = D01FC7261916989300015560 /* XCTest.framework */; };
		D01FC7281916989300015560 /* Foundation.framework in Frameworks */ = {isa = PBXBuildFile; fileRef = D01FC7041916989300015560 /* Foundation.framework */; };
		D01FC7291916989300015560 /* UIKit.framework in Frameworks */ = {isa = PBXBuildFile; fileRef = D01FC7081916989300015560 /* UIKit.framework */; };
		D01FC7311916989300015560 /* InfoPlist.strings in Resources */ = {isa = PBXBuildFile; fileRef = D01FC72F1916989300015560 /* InfoPlist.strings */; };
		D01FC7331916989300015560 /* ROPopMenuTestTests.m in Sources */ = {isa = PBXBuildFile; fileRef = D01FC7321916989300015560 /* ROPopMenuTestTests.m */; };
		D01FC73E191698E500015560 /* ROPopMenu.m in Sources */ = {isa = PBXBuildFile; fileRef = D01FC73D191698E500015560 /* ROPopMenu.m */; };
		D01FC74019169B3300015560 /* button.png in Resources */ = {isa = PBXBuildFile; fileRef = D01FC73F19169B3300015560 /* button.png */; };
/* End PBXBuildFile section */

/* Begin PBXContainerItemProxy section */
		D01FC72A1916989300015560 /* PBXContainerItemProxy */ = {
			isa = PBXContainerItemProxy;
			containerPortal = D01FC6F91916989300015560 /* Project object */;
			proxyType = 1;
			remoteGlobalIDString = D01FC7001916989300015560;
			remoteInfo = ROPopMenuTest;
		};
/* End PBXContainerItemProxy section */

/* Begin PBXFileReference section */
		D01FC7011916989300015560 /* ROPopMenuTest.app */ = {isa = PBXFileReference; explicitFileType = wrapper.application; includeInIndex = 0; path = ROPopMenuTest.app; sourceTree = BUILT_PRODUCTS_DIR; };
		D01FC7041916989300015560 /* Foundation.framework */ = {isa = PBXFileReference; lastKnownFileType = wrapper.framework; name = Foundation.framework; path = System/Library/Frameworks/Foundation.framework; sourceTree = SDKROOT; };
		D01FC7061916989300015560 /* CoreGraphics.framework */ = {isa = PBXFileReference; lastKnownFileType = wrapper.framework; name = CoreGraphics.framework; path = System/Library/Frameworks/CoreGraphics.framework; sourceTree = SDKROOT; };
		D01FC7081916989300015560 /* UIKit.framework */ = {isa = PBXFileReference; lastKnownFileType = wrapper.framework; name = UIKit.framework; path = System/Library/Frameworks/UIKit.framework; sourceTree = SDKROOT; };
		D01FC70C1916989300015560 /* ROPopMenuTest-Info.plist */ = {isa = PBXFileReference; lastKnownFileType = text.plist.xml; path = "ROPopMenuTest-Info.plist"; sourceTree = "<group>"; };
		D01FC70E1916989300015560 /* en */ = {isa = PBXFileReference; lastKnownFileType = text.plist.strings; name = en; path = en.lproj/InfoPlist.strings; sourceTree = "<group>"; };
		D01FC7101916989300015560 /* main.m */ = {isa = PBXFileReference; lastKnownFileType = sourcecode.c.objc; path = main.m; sourceTree = "<group>"; };
		D01FC7121916989300015560 /* ROPopMenuTest-Prefix.pch */ = {isa = PBXFileReference; lastKnownFileType = sourcecode.c.h; path = "ROPopMenuTest-Prefix.pch"; sourceTree = "<group>"; };
		D01FC7131916989300015560 /* ROAppDelegate.h */ = {isa = PBXFileReference; lastKnownFileType = sourcecode.c.h; path = ROAppDelegate.h; sourceTree = "<group>"; };
		D01FC7141916989300015560 /* ROAppDelegate.m */ = {isa = PBXFileReference; lastKnownFileType = sourcecode.c.objc; path = ROAppDelegate.m; sourceTree = "<group>"; };
		D01FC7171916989300015560 /* Base */ = {isa = PBXFileReference; lastKnownFileType = file.storyboard; name = Base; path = Base.lproj/Main_iPhone.storyboard; sourceTree = "<group>"; };
		D01FC71A1916989300015560 /* Base */ = {isa = PBXFileReference; lastKnownFileType = file.storyboard; name = Base; path = Base.lproj/Main_iPad.storyboard; sourceTree = "<group>"; };
		D01FC71C1916989300015560 /* ROViewController.h */ = {isa = PBXFileReference; lastKnownFileType = sourcecode.c.h; path = ROViewController.h; sourceTree = "<group>"; };
		D01FC71D1916989300015560 /* ROViewController.m */ = {isa = PBXFileReference; lastKnownFileType = sourcecode.c.objc; path = ROViewController.m; sourceTree = "<group>"; };
		D01FC71F1916989300015560 /* Images.xcassets */ = {isa = PBXFileReference; lastKnownFileType = folder.assetcatalog; path = Images.xcassets; sourceTree = "<group>"; };
		D01FC7251916989300015560 /* ROPopMenuTestTests.xctest */ = {isa = PBXFileReference; explicitFileType = wrapper.cfbundle; includeInIndex = 0; path = ROPopMenuTestTests.xctest; sourceTree = BUILT_PRODUCTS_DIR; };
		D01FC7261916989300015560 /* XCTest.framework */ = {isa = PBXFileReference; lastKnownFileType = wrapper.framework; name = XCTest.framework; path = Library/Frameworks/XCTest.framework; sourceTree = DEVELOPER_DIR; };
		D01FC72E1916989300015560 /* ROPopMenuTestTests-Info.plist */ = {isa = PBXFileReference; lastKnownFileType = text.plist.xml; path = "ROPopMenuTestTests-Info.plist"; sourceTree = "<group>"; };
		D01FC7301916989300015560 /* en */ = {isa = PBXFileReference; lastKnownFileType = text.plist.strings; name = en; path = en.lproj/InfoPlist.strings; sourceTree = "<group>"; };
		D01FC7321916989300015560 /* ROPopMenuTestTests.m */ = {isa = PBXFileReference; lastKnownFileType = sourcecode.c.objc; path = ROPopMenuTestTests.m; sourceTree = "<group>"; };
		D01FC73C191698E500015560 /* ROPopMenu.h */ = {isa = PBXFileReference; fileEncoding = 4; lastKnownFileType = sourcecode.c.h; path = ROPopMenu.h; sourceTree = "<group>"; };
		D01FC73D191698E500015560 /* ROPopMenu.m */ = {isa = PBXFileReference; fileEncoding = 4; lastKnownFileType = sourcecode.c.objc; path = ROPopMenu.m; sourceTree = "<group>"; };
		D01FC73F19169B3300015560 /* button.png */ = {isa = PBXFileReference; lastKnownFileType = image.png; path = button.png; sourceTree = "<group>"; };
/* End PBXFileReference section */

/* Begin PBXFrameworksBuildPhase section */
		D01FC6FE1916989300015560 /* Frameworks */ = {
			isa = PBXFrameworksBuildPhase;
			buildActionMask = 2147483647;
			files = (
				D01FC7071916989300015560 /* CoreGraphics.framework in Frameworks */,
				D01FC7091916989300015560 /* UIKit.framework in Frameworks */,
				D01FC7051916989300015560 /* Foundation.framework in Frameworks */,
			);
			runOnlyForDeploymentPostprocessing = 0;
		};
		D01FC7221916989300015560 /* Frameworks */ = {
			isa = PBXFrameworksBuildPhase;
			buildActionMask = 2147483647;
			files = (
				D01FC7271916989300015560 /* XCTest.framework in Frameworks */,
				D01FC7291916989300015560 /* UIKit.framework in Frameworks */,
				D01FC7281916989300015560 /* Foundation.framework in Frameworks */,
			);
			runOnlyForDeploymentPostprocessing = 0;
		};
/* End PBXFrameworksBuildPhase section */

/* Begin PBXGroup section */
		D01FC6F81916989300015560 = {
			isa = PBXGroup;
			children = (
				D01FC70A1916989300015560 /* ROPopMenuTest */,
				D01FC72C1916989300015560 /* ROPopMenuTestTests */,
				D01FC7031916989300015560 /* Frameworks */,
				D01FC7021916989300015560 /* Products */,
			);
			sourceTree = "<group>";
		};
		D01FC7021916989300015560 /* Products */ = {
			isa = PBXGroup;
			children = (
				D01FC7011916989300015560 /* ROPopMenuTest.app */,
				D01FC7251916989300015560 /* ROPopMenuTestTests.xctest */,
			);
			name = Products;
			sourceTree = "<group>";
		};
		D01FC7031916989300015560 /* Frameworks */ = {
			isa = PBXGroup;
			children = (
				D01FC7041916989300015560 /* Foundation.framework */,
				D01FC7061916989300015560 /* CoreGraphics.framework */,
				D01FC7081916989300015560 /* UIKit.framework */,
				D01FC7261916989300015560 /* XCTest.framework */,
			);
			name = Frameworks;
			sourceTree = "<group>";
		};
		D01FC70A1916989300015560 /* ROPopMenuTest */ = {
			isa = PBXGroup;
			children = (
				D01FC7131916989300015560 /* ROAppDelegate.h */,
				D01FC7141916989300015560 /* ROAppDelegate.m */,
				D01FC7161916989300015560 /* Main_iPhone.storyboard */,
				D01FC7191916989300015560 /* Main_iPad.storyboard */,
				D01FC71C1916989300015560 /* ROViewController.h */,
				D01FC71D1916989300015560 /* ROViewController.m */,
				D01FC73C191698E500015560 /* ROPopMenu.h */,
				D01FC73D191698E500015560 /* ROPopMenu.m */,
				D01FC71F1916989300015560 /* Images.xcassets */,
				D01FC70B1916989300015560 /* Supporting Files */,
			);
			path = ROPopMenuTest;
			sourceTree = "<group>";
		};
		D01FC70B1916989300015560 /* Supporting Files */ = {
			isa = PBXGroup;
			children = (
				D01FC73F19169B3300015560 /* button.png */,
				D01FC70C1916989300015560 /* ROPopMenuTest-Info.plist */,
				D01FC70D1916989300015560 /* InfoPlist.strings */,
				D01FC7101916989300015560 /* main.m */,
				D01FC7121916989300015560 /* ROPopMenuTest-Prefix.pch */,
			);
			name = "Supporting Files";
			sourceTree = "<group>";
		};
		D01FC72C1916989300015560 /* ROPopMenuTestTests */ = {
			isa = PBXGroup;
			children = (
				D01FC7321916989300015560 /* ROPopMenuTestTests.m */,
				D01FC72D1916989300015560 /* Supporting Files */,
			);
			path = ROPopMenuTestTests;
			sourceTree = "<group>";
		};
		D01FC72D1916989300015560 /* Supporting Files */ = {
			isa = PBXGroup;
			children = (
				D01FC72E1916989300015560 /* ROPopMenuTestTests-Info.plist */,
				D01FC72F1916989300015560 /* InfoPlist.strings */,
			);
			name = "Supporting Files";
			sourceTree = "<group>";
		};
/* End PBXGroup section */

/* Begin PBXNativeTarget section */
		D01FC7001916989300015560 /* ROPopMenuTest */ = {
			isa = PBXNativeTarget;
			buildConfigurationList = D01FC7361916989300015560 /* Build configuration list for PBXNativeTarget "ROPopMenuTest" */;
			buildPhases = (
				D01FC6FD1916989300015560 /* Sources */,
				D01FC6FE1916989300015560 /* Frameworks */,
				D01FC6FF1916989300015560 /* Resources */,
			);
			buildRules = (
			);
			dependencies = (
			);
			name = ROPopMenuTest;
			productName = ROPopMenuTest;
			productReference = D01FC7011916989300015560 /* ROPopMenuTest.app */;
			productType = "com.apple.product-type.application";
		};
		D01FC7241916989300015560 /* ROPopMenuTestTests */ = {
			isa = PBXNativeTarget;
			buildConfigurationList = D01FC7391916989300015560 /* Build configuration list for PBXNativeTarget "ROPopMenuTestTests" */;
			buildPhases = (
				D01FC7211916989300015560 /* Sources */,
				D01FC7221916989300015560 /* Frameworks */,
				D01FC7231916989300015560 /* Resources */,
			);
			buildRules = (
			);
			dependencies = (
				D01FC72B1916989300015560 /* PBXTargetDependency */,
			);
			name = ROPopMenuTestTests;
			productName = ROPopMenuTestTests;
			productReference = D01FC7251916989300015560 /* ROPopMenuTestTests.xctest */;
			productType = "com.apple.product-type.bundle.unit-test";
		};
/* End PBXNativeTarget section */

/* Begin PBXProject section */
		D01FC6F91916989300015560 /* Project object */ = {
			isa = PBXProject;
			attributes = {
				CLASSPREFIX = RO;
				LastUpgradeCheck = 0510;
				ORGANIZATIONNAME = iamro;
				TargetAttributes = {
					D01FC7241916989300015560 = {
						TestTargetID = D01FC7001916989300015560;
					};
				};
			};
			buildConfigurationList = D01FC6FC1916989300015560 /* Build configuration list for PBXProject "ROPopMenuTest" */;
			compatibilityVersion = "Xcode 3.2";
			developmentRegion = English;
			hasScannedForEncodings = 0;
			knownRegions = (
				en,
				Base,
			);
			mainGroup = D01FC6F81916989300015560;
			productRefGroup = D01FC7021916989300015560 /* Products */;
			projectDirPath = "";
			projectRoot = "";
			targets = (
				D01FC7001916989300015560 /* ROPopMenuTest */,
				D01FC7241916989300015560 /* ROPopMenuTestTests */,
			);
		};
/* End PBXProject section */

/* Begin PBXResourcesBuildPhase section */
		D01FC6FF1916989300015560 /* Resources */ = {
			isa = PBXResourcesBuildPhase;
			buildActionMask = 2147483647;
			files = (
				D01FC71B1916989300015560 /* Main_iPad.storyboard in Resources */,
				D01FC74019169B3300015560 /* button.png in Resources */,
				D01FC7201916989300015560 /* Images.xcassets in Resources */,
				D01FC7181916989300015560 /* Main_iPhone.storyboard in Resources */,
				D01FC70F1916989300015560 /* InfoPlist.strings in Resources */,
			);
			runOnlyForDeploymentPostprocessing = 0;
		};
		D01FC7231916989300015560 /* Resources */ = {
			isa = PBXResourcesBuildPhase;
			buildActionMask = 2147483647;
			files = (
				D01FC7311916989300015560 /* InfoPlist.strings in Resources */,
			);
			runOnlyForDeploymentPostprocessing = 0;
		};
/* End PBXResourcesBuildPhase section */

/* Begin PBXSourcesBuildPhase section */
		D01FC6FD1916989300015560 /* Sources */ = {
			isa = PBXSourcesBuildPhase;
			buildActionMask = 2147483647;
			files = (
				D01FC7111916989300015560 /* main.m in Sources */,
				D01FC7151916989300015560 /* ROAppDelegate.m in Sources */,
				D01FC71E1916989300015560 /* ROViewController.m in Sources */,
				D01FC73E191698E500015560 /* ROPopMenu.m in Sources */,
			);
			runOnlyForDeploymentPostprocessing = 0;
		};
		D01FC7211916989300015560 /* Sources */ = {
			isa = PBXSourcesBuildPhase;
			buildActionMask = 2147483647;
			files = (
				D01FC7331916989300015560 /* ROPopMenuTestTests.m in Sources */,
			);
			runOnlyForDeploymentPostprocessing = 0;
		};
/* End PBXSourcesBuildPhase section */

/* Begin PBXTargetDependency section */
		D01FC72B1916989300015560 /* PBXTargetDependency */ = {
			isa = PBXTargetDependency;
			target = D01FC7001916989300015560 /* ROPopMenuTest */;
			targetProxy = D01FC72A1916989300015560 /* PBXContainerItemProxy */;
		};
/* End PBXTargetDependency section */

/* Begin PBXVariantGroup section */
		D01FC70D1916989300015560 /* InfoPlist.strings */ = {
			isa = PBXVariantGroup;
			children = (
				D01FC70E1916989300015560 /* en */,
			);
			name = InfoPlist.strings;
			sourceTree = "<group>";
		};
		D01FC7161916989300015560 /* Main_iPhone.storyboard */ = {
			isa = PBXVariantGroup;
			children = (
				D01FC7171916989300015560 /* Base */,
			);
			name = Main_iPhone.storyboard;
			sourceTree = "<group>";
		};
		D01FC7191916989300015560 /* Main_iPad.storyboard */ = {
			isa = PBXVariantGroup;
			children = (
				D01FC71A1916989300015560 /* Base */,
			);
			name = Main_iPad.storyboard;
			sourceTree = "<group>";
		};
		D01FC72F1916989300015560 /* InfoPlist.strings */ = {
			isa = PBXVariantGroup;
			children = (
				D01FC7301916989300015560 /* en */,
			);
			name = InfoPlist.strings;
			sourceTree = "<group>";
		};
/* End PBXVariantGroup section */

/* Begin XCBuildConfiguration section */
		D01FC7341916989300015560 /* Debug */ = {
			isa = XCBuildConfiguration;
			buildSettings = {
				ALWAYS_SEARCH_USER_PATHS = NO;
				CLANG_CXX_LANGUAGE_STANDARD = "gnu++0x";
				CLANG_CXX_LIBRARY = "libc++";
				CLANG_ENABLE_MODULES = YES;
				CLANG_ENABLE_OBJC_ARC = YES;
				CLANG_WARN_BOOL_CONVERSION = YES;
				CLANG_WARN_CONSTANT_CONVERSION = YES;
				CLANG_WARN_DIRECT_OBJC_ISA_USAGE = YES_ERROR;
				CLANG_WARN_EMPTY_BODY = YES;
				CLANG_WARN_ENUM_CONVERSION = YES;
				CLANG_WARN_INT_CONVERSION = YES;
				CLANG_WARN_OBJC_ROOT_CLASS = YES_ERROR;
				CLANG_WARN__DUPLICATE_METHOD_MATCH = YES;
				"CODE_SIGN_IDENTITY[sdk=iphoneos*]" = "iPhone Developer";
				COPY_PHASE_STRIP = NO;
				GCC_C_LANGUAGE_STANDARD = gnu99;
				GCC_DYNAMIC_NO_PIC = NO;
				GCC_OPTIMIZATION_LEVEL = 0;
				GCC_PREPROCESSOR_DEFINITIONS = (
					"DEBUG=1",
					"$(inherited)",
				);
				GCC_SYMBOLS_PRIVATE_EXTERN = NO;
				GCC_WARN_64_TO_32_BIT_CONVERSION = YES;
				GCC_WARN_ABOUT_RETURN_TYPE = YES_ERROR;
				GCC_WARN_UNDECLARED_SELECTOR = YES;
				GCC_WARN_UNINITIALIZED_AUTOS = YES_AGGRESSIVE;
				GCC_WARN_UNUSED_FUNCTION = YES;
				GCC_WARN_UNUSED_VARIABLE = YES;
				IPHONEOS_DEPLOYMENT_TARGET = 7.1;
				ONLY_ACTIVE_ARCH = YES;
				SDKROOT = iphoneos;
				TARGETED_DEVICE_FAMILY = "1,2";
			};
			name = Debug;
		};
		D01FC7351916989300015560 /* Release */ = {
			isa = XCBuildConfiguration;
			buildSettings = {
				ALWAYS_SEARCH_USER_PATHS = NO;
				CLANG_CXX_LANGUAGE_STANDARD = "gnu++0x";
				CLANG_CXX_LIBRARY = "libc++";
				CLANG_ENABLE_MODULES = YES;
				CLANG_ENABLE_OBJC_ARC = YES;
				CLANG_WARN_BOOL_CONVERSION = YES;
				CLANG_WARN_CONSTANT_CONVERSION = YES;
				CLANG_WARN_DIRECT_OBJC_ISA_USAGE = YES_ERROR;
				CLANG_WARN_EMPTY_BODY = YES;
				CLANG_WARN_ENUM_CONVERSION = YES;
				CLANG_WARN_INT_CONVERSION = YES;
				CLANG_WARN_OBJC_ROOT_CLASS = YES_ERROR;
				CLANG_WARN__DUPLICATE_METHOD_MATCH = YES;
				"CODE_SIGN_IDENTITY[sdk=iphoneos*]" = "iPhone Developer";
				COPY_PHASE_STRIP = YES;
				ENABLE_NS_ASSERTIONS = NO;
				GCC_C_LANGUAGE_STANDARD = gnu99;
				GCC_WARN_64_TO_32_BIT_CONVERSION = YES;
				GCC_WARN_ABOUT_RETURN_TYPE = YES_ERROR;
				GCC_WARN_UNDECLARED_SELECTOR = YES;
				GCC_WARN_UNINITIALIZED_AUTOS = YES_AGGRESSIVE;
				GCC_WARN_UNUSED_FUNCTION = YES;
				GCC_WARN_UNUSED_VARIABLE = YES;
				IPHONEOS_DEPLOYMENT_TARGET = 7.1;
				SDKROOT = iphoneos;
				TARGETED_DEVICE_FAMILY = "1,2";
				VALIDATE_PRODUCT = YES;
			};
			name = Release;
		};
		D01FC7371916989300015560 /* Debug */ = {
			isa = XCBuildConfiguration;
			buildSettings = {
				ASSETCATALOG_COMPILER_APPICON_NAME = AppIcon;
				ASSETCATALOG_COMPILER_LAUNCHIMAGE_NAME = LaunchImage;
				GCC_PRECOMPILE_PREFIX_HEADER = YES;
				GCC_PREFIX_HEADER = "ROPopMenuTest/ROPopMenuTest-Prefix.pch";
				INFOPLIST_FILE = "ROPopMenuTest/ROPopMenuTest-Info.plist";
				PRODUCT_NAME = "$(TARGET_NAME)";
				WRAPPER_EXTENSION = app;
			};
			name = Debug;
		};
		D01FC7381916989300015560 /* Release */ = {
			isa = XCBuildConfiguration;
			buildSettings = {
				ASSETCATALOG_COMPILER_APPICON_NAME = AppIcon;
				ASSETCATALOG_COMPILER_LAUNCHIMAGE_NAME = LaunchImage;
				GCC_PRECOMPILE_PREFIX_HEADER = YES;
				GCC_PREFIX_HEADER = "ROPopMenuTest/ROPopMenuTest-Prefix.pch";
				INFOPLIST_FILE = "ROPopMenuTest/ROPopMenuTest-Info.plist";
				PRODUCT_NAME = "$(TARGET_NAME)";
				WRAPPER_EXTENSION = app;
			};
			name = Release;
		};
		D01FC73A1916989300015560 /* Debug */ = {
			isa = XCBuildConfiguration;
			buildSettings = {
				BUNDLE_LOADER = "$(BUILT_PRODUCTS_DIR)/ROPopMenuTest.app/ROPopMenuTest";
				FRAMEWORK_SEARCH_PATHS = (
					"$(SDKROOT)/Developer/Library/Frameworks",
					"$(inherited)",
					"$(DEVELOPER_FRAMEWORKS_DIR)",
				);
				GCC_PRECOMPILE_PREFIX_HEADER = YES;
				GCC_PREFIX_HEADER = "ROPopMenuTest/ROPopMenuTest-Prefix.pch";
				GCC_PREPROCESSOR_DEFINITIONS = (
					"DEBUG=1",
					"$(inherited)",
				);
				INFOPLIST_FILE = "ROPopMenuTestTests/ROPopMenuTestTests-Info.plist";
				PRODUCT_NAME = "$(TARGET_NAME)";
				TEST_HOST = "$(BUNDLE_LOADER)";
				WRAPPER_EXTENSION = xctest;
			};
			name = Debug;
		};
		D01FC73B1916989300015560 /* Release */ = {
			isa = XCBuildConfiguration;
			buildSettings = {
				BUNDLE_LOADER = "$(BUILT_PRODUCTS_DIR)/ROPopMenuTest.app/ROPopMenuTest";
				FRAMEWORK_SEARCH_PATHS = (
					"$(SDKROOT)/Developer/Library/Frameworks",
					"$(inherited)",
					"$(DEVELOPER_FRAMEWORKS_DIR)",
				);
				GCC_PRECOMPILE_PREFIX_HEADER = YES;
				GCC_PREFIX_HEADER = "ROPopMenuTest/ROPopMenuTest-Prefix.pch";
				INFOPLIST_FILE = "ROPopMenuTestTests/ROPopMenuTestTests-Info.plist";
				PRODUCT_NAME = "$(TARGET_NAME)";
				TEST_HOST = "$(BUNDLE_LOADER)";
				WRAPPER_EXTENSION = xctest;
			};
			name = Release;
		};
/* End XCBuildConfiguration section */

/* Begin XCConfigurationList section */
		D01FC6FC1916989300015560 /* Build configuration list for PBXProject "ROPopMenuTest" */ = {
			isa = XCConfigurationList;
			buildConfigurations = (
				D01FC7341916989300015560 /* Debug */,
				D01FC7351916989300015560 /* Release */,
			);
			defaultConfigurationIsVisible = 0;
			defaultConfigurationName = Release;
		};
		D01FC7361916989300015560 /* Build configuration list for PBXNativeTarget "ROPopMenuTest" */ = {
			isa = XCConfigurationList;
			buildConfigurations = (
				D01FC7371916989300015560 /* Debug */,
				D01FC7381916989300015560 /* Release */,
			);
			defaultConfigurationIsVisible = 0;
		};
		D01FC7391916989300015560 /* Build configuration list for PBXNativeTarget "ROPopMenuTestTests" */ = {
			isa = XCConfigurationList;
			buildConfigurations = (
				D01FC73A1916989300015560 /* Debug */,
				D01FC73B1916989300015560 /* Release */,
			);
			defaultConfigurationIsVisible = 0;
		};
/* End XCConfigurationList section */
	};
	rootObject = D01FC6F91916989300015560 /* Project object */;
}
